
Microsoft Visual Studio Solution File, Format Version 12.00
# Visual Studio Version 17
VisualStudioVersion = 17.0.32014.148
MinimumVisualStudioVersion = 10.0.40219.1
Project("{FAE04EC0-301F-11D3-BF4B-00C04F79EFBC}") = "Day_24_UserRegistration", "Day_24_UserRegistration.csproj", "{494EBADF-625B-473F-AC2C-27B12A83FC6B}"
EndProject
Global
	GlobalSection(SolutionConfigurationPlatforms) = preSolution
		Debug|Any CPU = Debug|Any CPU
		Release|Any CPU = Release|Any CPU
	EndGlobalSection
	GlobalSection(ProjectConfigurationPlatforms) = postSolution
		{494EBADF-625B-473F-AC2C-27B12A83FC6B}.Debug|Any CPU.ActiveCfg = Debug|Any CPU
		{494EBADF-625B-473F-AC2C-27B12A83FC6B}.Debug|Any CPU.Build.0 = Debug|Any CPU
		{494EBADF-625B-473F-AC2C-27B12A83FC6B}.Release|Any CPU.ActiveCfg = Release|Any CPU
		{494EBADF-625B-473F-AC2C-27B12A83FC6B}.Release|Any CPU.Build.0 = Release|Any CPU
	EndGlobalSection
	GlobalSection(SolutionProperties) = preSolution
		HideSolutionNode = FALSE
	EndGlobalSection
	GlobalSection(ExtensibilityGlobals) = postSolution
		SolutionGuid = {6A49A150-AACD-41A2-88B1-3B93018A938A}
	EndGlobalSection
EndGlobal
